
Microsoft Visual Studio Solution File, Format Version 12.00
# Visual Studio Version 16
VisualStudioVersion = 16.0.31129.286
MinimumVisualStudioVersion = 10.0.40219.1
Project("{9A19103F-16F7-4668-BE54-9A1E7A4F7556}") = "GhostInTheCell", "GhostInTheCell.csproj", "{9BDE22F7-84AF-4355-AA4F-8E7FF9E70856}"
EndProject
Global
	GlobalSection(SolutionConfigurationPlatforms) = preSolution
		Debug|Any CPU = Debug|Any CPU
		Release|Any CPU = Release|Any CPU
	EndGlobalSection
	GlobalSection(ProjectConfigurationPlatforms) = postSolution
		{9BDE22F7-84AF-4355-AA4F-8E7FF9E70856}.Debug|Any CPU.ActiveCfg = Debug|Any CPU
		{9BDE22F7-84AF-4355-AA4F-8E7FF9E70856}.Debug|Any CPU.Build.0 = Debug|Any CPU
		{9BDE22F7-84AF-4355-AA4F-8E7FF9E70856}.Release|Any CPU.ActiveCfg = Release|Any CPU
		{9BDE22F7-84AF-4355-AA4F-8E7FF9E70856}.Release|Any CPU.Build.0 = Release|Any CPU
	EndGlobalSection
	GlobalSection(SolutionProperties) = preSolution
		HideSolutionNode = FALSE
	EndGlobalSection
	GlobalSection(ExtensibilityGlobals) = postSolution
		SolutionGuid = {DA95F0B5-1476-49F0-9010-D3BB2E18CDDC}
	EndGlobalSection
EndGlobal
